
Microsoft Visual Studio Solution File, Format Version 12.00
# Visual Studio Version 17
VisualStudioVersion = 17.4.33213.308
MinimumVisualStudioVersion = 10.0.40219.1
Project("{FAE04EC0-301F-11D3-BF4B-00C04F79EFBC}") = "smpc", "smpc.csproj", "{FFDD3C9B-DBAB-4248-88F0-43F2D16CEEBF}"
EndProject
Global
	GlobalSection(SolutionConfigurationPlatforms) = preSolution
		Debug|Any CPU = Debug|Any CPU
		Release|Any CPU = Release|Any CPU
	EndGlobalSection
	GlobalSection(ProjectConfigurationPlatforms) = postSolution
		{FFDD3C9B-DBAB-4248-88F0-43F2D16CEEBF}.Debug|Any CPU.ActiveCfg = Debug|Any CPU
		{FFDD3C9B-DBAB-4248-88F0-43F2D16CEEBF}.Debug|Any CPU.Build.0 = Debug|Any CPU
		{FFDD3C9B-DBAB-4248-88F0-43F2D16CEEBF}.Release|Any CPU.ActiveCfg = Release|Any CPU
		{FFDD3C9B-DBAB-4248-88F0-43F2D16CEEBF}.Release|Any CPU.Build.0 = Release|Any CPU
	EndGlobalSection
	GlobalSection(SolutionProperties) = preSolution
		HideSolutionNode = FALSE
	EndGlobalSection
	GlobalSection(ExtensibilityGlobals) = postSolution
		SolutionGuid = {6645BB80-6A6A-4491-B696-82E0D449E7D6}
	EndGlobalSection
EndGlobal
